
Microsoft Visual Studio Solution File, Format Version 12.00
# Visual Studio 15
Project("{FAE04EC0-301F-11D3-BF4B-00C04F79EFBC}") = "AV.DoToo.KlasA.Android", "AV.DoToo.KlasA.Android\AV.DoToo.KlasA.Android.csproj", "{1F53DDD9-DCEF-433C-8803-90975F5DF671}"
EndProject
Project("{FAE04EC0-301F-11D3-BF4B-00C04F79EFBC}") = "AV.DoToo.KlasA.iOS", "AV.DoToo.KlasA.iOS\AV.DoToo.KlasA.iOS.csproj", "{548BFC62-D5CC-4C87-8FF9-C0E7E8B0410E}"
EndProject
Project("{FAE04EC0-301F-11D3-BF4B-00C04F79EFBC}") = "AV.DoToo.KlasA", "AV.DoToo.KlasA\AV.DoToo.KlasA.csproj", "{2CBB8C14-58C5-41FF-B90B-3E66E8D23958}"
EndProject
Global
	GlobalSection(SolutionConfigurationPlatforms) = preSolution
		Debug|Any CPU = Debug|Any CPU
		Release|Any CPU = Release|Any CPU
		Debug|iPhoneSimulator = Debug|iPhoneSimulator
		Release|iPhoneSimulator = Release|iPhoneSimulator
		Debug|iPhone = Debug|iPhone
		Release|iPhone = Release|iPhone
	EndGlobalSection
	GlobalSection(ProjectConfigurationPlatforms) = postSolution
		{1F53DDD9-DCEF-433C-8803-90975F5DF671}.Debug|Any CPU.ActiveCfg = Debug|Any CPU
		{1F53DDD9-DCEF-433C-8803-90975F5DF671}.Debug|Any CPU.Build.0 = Debug|Any CPU
		{1F53DDD9-DCEF-433C-8803-90975F5DF671}.Release|Any CPU.ActiveCfg = Release|Any CPU
		{1F53DDD9-DCEF-433C-8803-90975F5DF671}.Release|Any CPU.Build.0 = Release|Any CPU
		{1F53DDD9-DCEF-433C-8803-90975F5DF671}.Debug|iPhoneSimulator.ActiveCfg = Debug|Any CPU
		{1F53DDD9-DCEF-433C-8803-90975F5DF671}.Debug|iPhoneSimulator.Build.0 = Debug|Any CPU
		{1F53DDD9-DCEF-433C-8803-90975F5DF671}.Release|iPhoneSimulator.ActiveCfg = Release|Any CPU
		{1F53DDD9-DCEF-433C-8803-90975F5DF671}.Release|iPhoneSimulator.Build.0 = Release|Any CPU
		{1F53DDD9-DCEF-433C-8803-90975F5DF671}.Debug|iPhone.ActiveCfg = Debug|Any CPU
		{1F53DDD9-DCEF-433C-8803-90975F5DF671}.Debug|iPhone.Build.0 = Debug|Any CPU
		{1F53DDD9-DCEF-433C-8803-90975F5DF671}.Release|iPhone.ActiveCfg = Release|Any CPU
		{1F53DDD9-DCEF-433C-8803-90975F5DF671}.Release|iPhone.Build.0 = Release|Any CPU
		{548BFC62-D5CC-4C87-8FF9-C0E7E8B0410E}.Debug|Any CPU.ActiveCfg = Debug|iPhoneSimulator
		{548BFC62-D5CC-4C87-8FF9-C0E7E8B0410E}.Debug|Any CPU.Build.0 = Debug|iPhoneSimulator
		{548BFC62-D5CC-4C87-8FF9-C0E7E8B0410E}.Release|Any CPU.ActiveCfg = Release|iPhoneSimulator
		{548BFC62-D5CC-4C87-8FF9-C0E7E8B0410E}.Release|Any CPU.Build.0 = Release|iPhoneSimulator
		{548BFC62-D5CC-4C87-8FF9-C0E7E8B0410E}.Debug|iPhoneSimulator.ActiveCfg = Debug|iPhoneSimulator
		{548BFC62-D5CC-4C87-8FF9-C0E7E8B0410E}.Debug|iPhoneSimulator.Build.0 = Debug|iPhoneSimulator
		{548BFC62-D5CC-4C87-8FF9-C0E7E8B0410E}.Release|iPhoneSimulator.ActiveCfg = Release|iPhoneSimulator
		{548BFC62-D5CC-4C87-8FF9-C0E7E8B0410E}.Release|iPhoneSimulator.Build.0 = Release|iPhoneSimulator
		{548BFC62-D5CC-4C87-8FF9-C0E7E8B0410E}.Debug|iPhone.ActiveCfg = Debug|iPhone
		{548BFC62-D5CC-4C87-8FF9-C0E7E8B0410E}.Debug|iPhone.Build.0 = Debug|iPhone
		{548BFC62-D5CC-4C87-8FF9-C0E7E8B0410E}.Release|iPhone.ActiveCfg = Release|iPhone
		{548BFC62-D5CC-4C87-8FF9-C0E7E8B0410E}.Release|iPhone.Build.0 = Release|iPhone
		{2CBB8C14-58C5-41FF-B90B-3E66E8D23958}.Debug|Any CPU.ActiveCfg = Debug|Any CPU
		{2CBB8C14-58C5-41FF-B90B-3E66E8D23958}.Debug|Any CPU.Build.0 = Debug|Any CPU
		{2CBB8C14-58C5-41FF-B90B-3E66E8D23958}.Release|Any CPU.ActiveCfg = Release|Any CPU
		{2CBB8C14-58C5-41FF-B90B-3E66E8D23958}.Release|Any CPU.Build.0 = Release|Any CPU
		{2CBB8C14-58C5-41FF-B90B-3E66E8D23958}.Debug|iPhoneSimulator.ActiveCfg = Debug|Any CPU
		{2CBB8C14-58C5-41FF-B90B-3E66E8D23958}.Debug|iPhoneSimulator.Build.0 = Debug|Any CPU
		{2CBB8C14-58C5-41FF-B90B-3E66E8D23958}.Release|iPhoneSimulator.ActiveCfg = Release|Any CPU
		{2CBB8C14-58C5-41FF-B90B-3E66E8D23958}.Release|iPhoneSimulator.Build.0 = Release|Any CPU
		{2CBB8C14-58C5-41FF-B90B-3E66E8D23958}.Debug|iPhone.ActiveCfg = Debug|Any CPU
		{2CBB8C14-58C5-41FF-B90B-3E66E8D23958}.Debug|iPhone.Build.0 = Debug|Any CPU
		{2CBB8C14-58C5-41FF-B90B-3E66E8D23958}.Release|iPhone.ActiveCfg = Release|Any CPU
		{2CBB8C14-58C5-41FF-B90B-3E66E8D23958}.Release|iPhone.Build.0 = Release|Any CPU
	EndGlobalSection
EndGlobal
